{
  "name": "gitpigeon",
  "version": "0.1.0",
  "lockfileVersion": 3,
  "requires": true,
  "packages": {
    "": {
      "name": "gitpigeon",
      "version": "0.1.0",
      "license": "MIT",
      "os": [
        "darwin",
        "linux",
        "win32"
      ],
      "dependencies": {
        "peerpigeon": "git+https://github.com/PeerPigeon/PeerPigeon.git#ee07a5934bda5d05cf9b0f364a13456ba3438a1c"
      },
      "bin": {
        "git-pigeon": "bin/git-pigeon.js"
      },
      "engines": {
        "node": ">=20.12"
      }
    },
    "node_modules/@noble/curves": {
      "version": "1.9.7",
      "resolved": "https://registry.npmjs.org/@noble/curves/-/curves-1.9.7.tgz",
      "integrity": "sha512-gbKGcRUYIjA3/zCCNaWDciTMFI0dCkvou3TL8Zmy5Nc7sJ47a0jtOeZoTaMxkuqRo9cRhjOdZJXegxYE5FN/xw==",
      "license": "MIT",
      "dependencies": {
        "@noble/hashes": "1.8.0"
      },
      "engines": {
        "node": "^14.21.3 || >=16"
      },
      "funding": {
        "url": "https://paulmillr.com/funding/"
      }
    },
    "node_modules/@noble/hashes": {
      "version": "1.8.0",
      "resolved": "https://registry.npmjs.org/@noble/hashes/-/hashes-1.8.0.tgz",
      "integrity": "sha512-jCs9ldd7NwzpgXDIf6P3+NrHh9/sD6CQdxHyjQI+h/6rDNo88ypBxxz45UDuZHz9r3tNz7N/VInSVoVdtXEI4A==",
      "license": "MIT",
      "engines": {
        "node": "^14.21.3 || >=16"
      },
      "funding": {
        "url": "https://paulmillr.com/funding/"
      }
    },
    "node_modules/freertc": {
      "version": "0.2.0",
      "resolved": "git+https://github.com/draeder/freertc.git#614254cf4b5185da917dca714ba7f65581191aae",
      "integrity": "sha512-J0eKHa2kvIApNhkh+SEUJ5p4V4+kc4skFcywwCDZTlG2x64F9fYwcJ4xEm2Z9gMnMEmt2K3HXI650aSAuTqpHQ==",
      "hasInstallScript": true,
      "license": "MIT",
      "dependencies": {
        "unsea": "https://codeload.github.com/draeder/unsea/tar.gz/5425b41d39cea5aa2116241af0fed82865ffea29",
        "ws": "^8.18.0"
      },
      "bin": {
        "freertc": "bin/freertc.mjs"
      },
      "engines": {
        "node": ">=20"
      }
    },
    "node_modules/idb-keyval": {
      "version": "6.3.0",
      "resolved": "https://registry.npmjs.org/idb-keyval/-/idb-keyval-6.3.0.tgz",
      "integrity": "sha512-um+2dgAWmYsu615EXpWVwSmapJhON0G43t3Ka/EVaohzPQXSMqKEqeDK/oIW3Ow+BXaF2PvSc+oBTFp793A5Ow==",
      "license": "Apache-2.0"
    },
    "node_modules/peerpigeon": {
      "version": "1.0.0",
      "resolved": "git+https://github.com/PeerPigeon/PeerPigeon.git#ee07a5934bda5d05cf9b0f364a13456ba3438a1c",
      "integrity": "sha512-wsPGRjAPZhmqqwoTW9m/EcVCmmMwwlJdXwXGZIYewJEAe0/ryNjoZJTldv12a+F8yIrUXRDvWbQUWaQy08K9nQ==",
      "license": "ISC",
      "dependencies": {
        "freertc": "github:draeder/freertc#614254cf4b5185da917dca714ba7f65581191aae",
        "unsea": "^1.1.2"
      }
    },
    "node_modules/unsea": {
      "version": "1.1.3",
      "resolved": "https://codeload.github.com/draeder/unsea/tar.gz/5425b41d39cea5aa2116241af0fed82865ffea29",
      "integrity": "sha512-/h78b27A7mPB7BksBfltXt/OI4XboFUbglyTKNAUXRU76syUK7XXb5GjqeWhKTI1EnvQl3Go3hVPozTRwRhQ5w==",
      "license": "MIT",
      "dependencies": {
        "@noble/curves": "^1.9.7",
        "idb-keyval": "^6.2.2"
      },
      "engines": {
        "node": ">=20.0.0"
      },
      "funding": {
        "type": "individual",
        "url": "https://github.com/sponsors/draeder"
      }
    },
    "node_modules/ws": {
      "version": "8.21.3",
      "resolved": "https://registry.npmjs.org/ws/-/ws-8.21.3.tgz",
      "integrity": "sha512-201TZ/kPWxoPr/OKWjquZR1SWKXcvxdH+e1xrx89b3YbmzLMFCLfnaG1HFIgWzJOEWZ7MvpK++odZufgYR50Rw==",
      "license": "MIT",
      "engines": {
        "node": ">=10.0.0"
      },
      "peerDependencies": {
        "bufferutil": "^4.0.1",
        "utf-8-validate": ">=5.0.2"
      },
      "peerDependenciesMeta": {
        "bufferutil": {
          "optional": true
        },
        "utf-8-validate": {
          "optional": true
        }
      }
    }
  }
}
